
Microsoft Visual Studio Solution File, Format Version 12.00
# Visual Studio 14
VisualStudioVersion = 14.0.24720.0
MinimumVisualStudioVersion = 10.0.40219.1
Project("{FAE04EC0-301F-11D3-BF4B-00C04F79EFBC}") = "testWCFsrv", "testWCFsrv\testWCFsrv.csproj", "{44704168-6B22-4E4F-8135-8B03F6035C9B}"
EndProject
Project("{FAE04EC0-301F-11D3-BF4B-00C04F79EFBC}") = "LoginService", "LoginService\LoginService.csproj", "{C7C0D19C-46B8-4644-B3F7-A274C9D54530}"
EndProject
Global
	GlobalSection(SolutionConfigurationPlatforms) = preSolution
		Debug|Any CPU = Debug|Any CPU
		Release|Any CPU = Release|Any CPU
	EndGlobalSection
	GlobalSection(ProjectConfigurationPlatforms) = postSolution
		{44704168-6B22-4E4F-8135-8B03F6035C9B}.Debug|Any CPU.ActiveCfg = Debug|Any CPU
		{44704168-6B22-4E4F-8135-8B03F6035C9B}.Debug|Any CPU.Build.0 = Debug|Any CPU
		{44704168-6B22-4E4F-8135-8B03F6035C9B}.Release|Any CPU.ActiveCfg = Release|Any CPU
		{44704168-6B22-4E4F-8135-8B03F6035C9B}.Release|Any CPU.Build.0 = Release|Any CPU
		{C7C0D19C-46B8-4644-B3F7-A274C9D54530}.Debug|Any CPU.ActiveCfg = Debug|Any CPU
		{C7C0D19C-46B8-4644-B3F7-A274C9D54530}.Debug|Any CPU.Build.0 = Debug|Any CPU
		{C7C0D19C-46B8-4644-B3F7-A274C9D54530}.Release|Any CPU.ActiveCfg = Release|Any CPU
		{C7C0D19C-46B8-4644-B3F7-A274C9D54530}.Release|Any CPU.Build.0 = Release|Any CPU
	EndGlobalSection
	GlobalSection(SolutionProperties) = preSolution
		HideSolutionNode = FALSE
	EndGlobalSection
EndGlobal
